<?xml version="1.0" encoding="utf-8"?>
<Project ToolsVersion="4.0" xmlns="http://schemas.microsoft.com/developer/msbuild/2003">
  <ItemGroup>
    <Filter Include="Resource Files">
      <UniqueIdentifier>{67DA6AB6-F800-4c08-8B7A-83BB121AAD01}</UniqueIdentifier>
      <Extensions>rc;ico;cur;bmp;dlg;rc2;rct;bin;rgs;gif;jpg;jpeg;jpe;resx;tiff;tif;png;wav;mfcribbon-ms</Extensions>
    </Filter>
    <Filter Include="CGLResources">
      <UniqueIdentifier>{bbf5ef29-6fa9-43d6-afa7-6254333ef663}</UniqueIdentifier>
    </Filter>
    <Filter Include="CUtils">
      <UniqueIdentifier>{6f01f52a-125e-40ea-997a-e19e795fd562}</UniqueIdentifier>
    </Filter>
    <Filter Include="CMeshResources">
      <UniqueIdentifier>{77518a91-3f07-4a3b-ae0f-f294ae560153}</UniqueIdentifier>
    </Filter>
  </ItemGroup>
  <ItemGroup>
    <ClCompile Include="CMeshResources\CFullScreenQuad.cpp">
      <Filter>CMeshResources</Filter>
    </ClCompile>
    <ClCompile Include="CMeshResources\CMeshGeometry.cpp">
      <Filter>CMeshResources</Filter>
    </ClCompile>
    <ClCompile Include="CMeshResources\CMeshMaterial.cpp">
      <Filter>CMeshResources</Filter>
    </ClCompile>
    <ClCompile Include="CMeshResources\CModel.cpp">
      <Filter>CMeshResources</Filter>
    </ClCompile>
    <ClCompile Include="CMeshResources\CObjFileLoader.cpp">
      <Filter>CMeshResources</Filter>
    </ClCompile>
    <ClCompile Include="CMeshResources\CSubModel.cpp">
      <Filter>CMeshResources</Filter>
    </ClCompile>
    <ClCompile Include="CUtils\CLightViewer.cpp">
      <Filter>CUtils</Filter>
    </ClCompile>
    <ClCompile Include="CUtils\CTextureViewer.cpp">
      <Filter>CUtils</Filter>
    </ClCompile>
    <ClCompile Include="CUtils\GLErrorUtil.cpp">
      <Filter>CUtils</Filter>
    </ClCompile>
    <ClCompile Include="CUtils\Util.cpp">
      <Filter>CUtils</Filter>
    </ClCompile>
    <ClCompile Include="Light.cpp" />
    <ClCompile Include="main.cpp" />
    <ClCompile Include="Render.cpp" />
    <ClCompile Include="Scene.cpp" />
    <ClCompile Include="AreaLight.cpp" />
    <ClCompile Include="CAccumulationBuffer.cpp" />
    <ClCompile Include="Camera.cpp" />
    <ClCompile Include="CGBuffer.cpp" />
    <ClCompile Include="CProgram.cpp" />
    <ClCompile Include="CShadowMap.cpp" />
    <ClCompile Include="CTimer.cpp" />
    <ClCompile Include="Postprocessing.cpp" />
    <ClCompile Include="CGLResources\CGLBindLock.cpp">
      <Filter>CGLResources</Filter>
    </ClCompile>
    <ClCompile Include="CGLResources\CGLFrameBuffer.cpp">
      <Filter>CGLResources</Filter>
    </ClCompile>
    <ClCompile Include="CGLResources\CGLProgram.cpp">
      <Filter>CGLResources</Filter>
    </ClCompile>
    <ClCompile Include="CGLResources\CGLRenderBuffer.cpp">
      <Filter>CGLResources</Filter>
    </ClCompile>
    <ClCompile Include="CGLResources\CGLResource.cpp">
      <Filter>CGLResources</Filter>
    </ClCompile>
    <ClCompile Include="CGLResources\CGLSampler.cpp">
      <Filter>CGLResources</Filter>
    </ClCompile>
    <ClCompile Include="CGLResources\CGLTexture2D.cpp">
      <Filter>CGLResources</Filter>
    </ClCompile>
    <ClCompile Include="CGLResources\CGLUniformBuffer.cpp">
      <Filter>CGLResources</Filter>
    </ClCompile>
    <ClCompile Include="CGLResources\CGLVertexArray.cpp">
      <Filter>CGLResources</Filter>
    </ClCompile>
    <ClCompile Include="CGLResources\CGLVertexBuffer.cpp">
      <Filter>CGLResources</Filter>
    </ClCompile>
  </ItemGroup>
  <ItemGroup>
    <ClInclude Include="CMeshResources\CFullScreenQuad.h">
      <Filter>CMeshResources</Filter>
    </ClInclude>
    <ClInclude Include="CMeshResources\CMesh.h">
      <Filter>CMeshResources</Filter>
    </ClInclude>
    <ClInclude Include="CMeshResources\CMeshGeometry.h">
      <Filter>CMeshResources</Filter>
    </ClInclude>
    <ClInclude Include="CMeshResources\CMeshMaterial.h">
      <Filter>CMeshResources</Filter>
    </ClInclude>
    <ClInclude Include="CMeshResources\CModel.h">
      <Filter>CMeshResources</Filter>
    </ClInclude>
    <ClInclude Include="CMeshResources\CObjFileLoader.h">
      <Filter>CMeshResources</Filter>
    </ClInclude>
    <ClInclude Include="CMeshResources\CSubModel.h">
      <Filter>CMeshResources</Filter>
    </ClInclude>
    <ClInclude Include="CUtils\CLightViewer.h">
      <Filter>CUtils</Filter>
    </ClInclude>
    <ClInclude Include="CUtils\CTextureViewer.h">
      <Filter>CUtils</Filter>
    </ClInclude>
    <ClInclude Include="CUtils\GLErrorUtil.h">
      <Filter>CUtils</Filter>
    </ClInclude>
    <ClInclude Include="CUtils\ShaderUtil.h">
      <Filter>CUtils</Filter>
    </ClInclude>
    <ClInclude Include="CUtils\Util.h">
      <Filter>CUtils</Filter>
    </ClInclude>
    <ClInclude Include="CTimer.h" />
    <ClInclude Include="Defines.h" />
    <ClInclude Include="Intersection.h" />
    <ClInclude Include="Light.h" />
    <ClInclude Include="Macros.h" />
    <ClInclude Include="Ray.h" />
    <ClInclude Include="Render.h" />
    <ClInclude Include="Scene.h" />
    <ClInclude Include="Structs.h" />
    <ClInclude Include="Triangle.h" />
    <ClInclude Include="uniforms.h" />
    <ClInclude Include="AreaLight.h" />
    <ClInclude Include="CAccumulationBuffer.h" />
    <ClInclude Include="Camera.h" />
    <ClInclude Include="CCreateGBufferProgram.h" />
    <ClInclude Include="CGBuffer.h" />
    <ClInclude Include="CProgram.h" />
    <ClInclude Include="CShadowMap.h" />
    <ClInclude Include="Postprocessing.h" />
    <ClInclude Include="CGLResources\CGLBindLock.h">
      <Filter>CGLResources</Filter>
    </ClInclude>
    <ClInclude Include="CGLResources\CGLBindSlot.h">
      <Filter>CGLResources</Filter>
    </ClInclude>
    <ClInclude Include="CGLResources\CGLFrameBuffer.h">
      <Filter>CGLResources</Filter>
    </ClInclude>
    <ClInclude Include="CGLResources\CGLProgram.h">
      <Filter>CGLResources</Filter>
    </ClInclude>
    <ClInclude Include="CGLResources\CGLRenderBuffer.h">
      <Filter>CGLResources</Filter>
    </ClInclude>
    <ClInclude Include="CGLResources\CGLResource.h">
      <Filter>CGLResources</Filter>
    </ClInclude>
    <ClInclude Include="CGLResources\CGLSampler.h">
      <Filter>CGLResources</Filter>
    </ClInclude>
    <ClInclude Include="CGLResources\CGLTexture2D.h">
      <Filter>CGLResources</Filter>
    </ClInclude>
    <ClInclude Include="CGLResources\CGLUniformBuffer.h">
      <Filter>CGLResources</Filter>
    </ClInclude>
    <ClInclude Include="CGLResources\CGLVertexArray.h">
      <Filter>CGLResources</Filter>
    </ClInclude>
    <ClInclude Include="CGLResources\CGLVertexBuffer.h">
      <Filter>CGLResources</Filter>
    </ClInclude>
  </ItemGroup>
  <ItemGroup>
    <None Include="Shaders\DrawAreaLight.vert">
      <Filter>Resource Files</Filter>
    </None>
    <None Include="Shaders\DrawLight.frag">
      <Filter>Resource Files</Filter>
    </None>
    <None Include="Shaders\DrawLight.vert">
      <Filter>Resource Files</Filter>
    </None>
    <None Include="Shaders\DrawTexture.frag">
      <Filter>Resource Files</Filter>
    </None>
    <None Include="Shaders\DrawTexture.vert">
      <Filter>Resource Files</Filter>
    </None>
    <None Include="Shaders\FinalGather.frag">
      <Filter>Resource Files</Filter>
    </None>
    <None Include="Shaders\Gather.vert">
      <Filter>Resource Files</Filter>
    </None>
    <None Include="Shaders\GatherAntiradiance.frag">
      <Filter>Resource Files</Filter>
    </None>
    <None Include="Shaders\GatherRadiance.frag">
      <Filter>Resource Files</Filter>
    </None>
    <None Include="Shaders\PostProcessing.frag">
      <Filter>Resource Files</Filter>
    </None>
    <None Include="Shaders\PostProcessing.vert">
      <Filter>Resource Files</Filter>
    </None>
    <None Include="Shaders\Render.frag">
      <Filter>Resource Files</Filter>
    </None>
    <None Include="Shaders\Render.vert">
      <Filter>Resource Files</Filter>
    </None>
    <None Include="Shaders\CreateGBuffer.frag">
      <Filter>Resource Files</Filter>
    </None>
    <None Include="Shaders\CreateGBuffer.vert">
      <Filter>Resource Files</Filter>
    </None>
    <None Include="Shaders\CreateSM.frag">
      <Filter>Resource Files</Filter>
    </None>
    <None Include="Shaders\CreateSM.vert">
      <Filter>Resource Files</Filter>
    </None>
    <None Include="Shaders\DrawAreaLight.frag">
      <Filter>Resource Files</Filter>
    </None>
    <None Include="Shaders\Normalize.frag">
      <Filter>Resource Files</Filter>
    </None>
  </ItemGroup>
</Project>