<?xml version="1.0" encoding="utf-8"?>
<Project ToolsVersion="4.0" xmlns="http://schemas.microsoft.com/developer/msbuild/2003">
  <ItemGroup>
    <Filter Include="OGLResources">
      <UniqueIdentifier>{bbf5ef29-6fa9-43d6-afa7-6254333ef663}</UniqueIdentifier>
    </Filter>
    <Filter Include="MeshResources">
      <UniqueIdentifier>{77518a91-3f07-4a3b-ae0f-f294ae560153}</UniqueIdentifier>
    </Filter>
    <Filter Include="Utils">
      <UniqueIdentifier>{6f01f52a-125e-40ea-997a-e19e795fd562}</UniqueIdentifier>
    </Filter>
    <Filter Include="OCLResources">
      <UniqueIdentifier>{9a5b038a-1bcb-45db-9574-22c64f5a205e}</UniqueIdentifier>
    </Filter>
    <Filter Include="Shaders">
      <UniqueIdentifier>{67DA6AB6-F800-4c08-8B7A-83BB121AAD01}</UniqueIdentifier>
      <Extensions>rc;ico;cur;bmp;dlg;rc2;rct;bin;rgs;gif;jpg;jpeg;jpe;resx;tiff;tif;png;wav;mfcribbon-ms</Extensions>
    </Filter>
    <Filter Include="Kernels">
      <UniqueIdentifier>{4ed397e0-00fb-43d7-9ea0-4543885f7676}</UniqueIdentifier>
    </Filter>
    <Filter Include="RayTracingStuff">
      <UniqueIdentifier>{21e651b1-8013-402e-81d6-e4b97f0475c3}</UniqueIdentifier>
    </Filter>
    <Filter Include="GUI&amp;Config">
      <UniqueIdentifier>{850e1b01-daf4-4a30-ac16-c42ba3276e48}</UniqueIdentifier>
    </Filter>
    <Filter Include="Octahedron">
      <UniqueIdentifier>{c7652556-9f69-4e86-89ab-bc716a3d161d}</UniqueIdentifier>
    </Filter>
    <Filter Include="Misc">
      <UniqueIdentifier>{23eab4a5-e565-4973-bb51-1534963e000a}</UniqueIdentifier>
    </Filter>
    <Filter Include="Shaders\ShaderHeaders">
      <UniqueIdentifier>{127117b1-6707-4fc4-90fc-c7f12b3be8ed}</UniqueIdentifier>
    </Filter>
  </ItemGroup>
  <ItemGroup>
    <ClCompile Include="Render.cpp" />
    <ClCompile Include="Scene.cpp" />
    <ClCompile Include="AreaLight.cpp" />
    <ClCompile Include="CAccumulationBuffer.cpp" />
    <ClCompile Include="CGBuffer.cpp" />
    <ClCompile Include="CProgram.cpp" />
    <ClCompile Include="CRenderTarget.cpp" />
    <ClCompile Include="CPostprocess.cpp" />
    <ClCompile Include="AVPL.cpp" />
    <ClCompile Include="MeshResources\CMeshGeometry.cpp">
      <Filter>MeshResources</Filter>
    </ClCompile>
    <ClCompile Include="MeshResources\CModel.cpp">
      <Filter>MeshResources</Filter>
    </ClCompile>
    <ClCompile Include="MeshResources\CObjFileLoader.cpp">
      <Filter>MeshResources</Filter>
    </ClCompile>
    <ClCompile Include="MeshResources\CSubModel.cpp">
      <Filter>MeshResources</Filter>
    </ClCompile>
    <ClCompile Include="Utils\CTextureViewer.cpp">
      <Filter>Utils</Filter>
    </ClCompile>
    <ClCompile Include="Utils\GLErrorUtil.cpp">
      <Filter>Utils</Filter>
    </ClCompile>
    <ClCompile Include="Utils\mtrand.cpp">
      <Filter>Utils</Filter>
    </ClCompile>
    <ClCompile Include="Utils\Util.cpp">
      <Filter>Utils</Filter>
    </ClCompile>
    <ClCompile Include="Utils\Rand.cpp">
      <Filter>Utils</Filter>
    </ClCompile>
    <ClCompile Include="Utils\CExport.cpp">
      <Filter>Utils</Filter>
    </ClCompile>
    <ClCompile Include="OGLResources\COGLBindLock.cpp">
      <Filter>OGLResources</Filter>
    </ClCompile>
    <ClCompile Include="OGLResources\COGLFrameBuffer.cpp">
      <Filter>OGLResources</Filter>
    </ClCompile>
    <ClCompile Include="OGLResources\COGLProgram.cpp">
      <Filter>OGLResources</Filter>
    </ClCompile>
    <ClCompile Include="OGLResources\COGLRenderBuffer.cpp">
      <Filter>OGLResources</Filter>
    </ClCompile>
    <ClCompile Include="OGLResources\COGLResource.cpp">
      <Filter>OGLResources</Filter>
    </ClCompile>
    <ClCompile Include="OGLResources\COGLSampler.cpp">
      <Filter>OGLResources</Filter>
    </ClCompile>
    <ClCompile Include="OGLResources\COGLTexture2D.cpp">
      <Filter>OGLResources</Filter>
    </ClCompile>
    <ClCompile Include="OGLResources\COGLTextureBuffer.cpp">
      <Filter>OGLResources</Filter>
    </ClCompile>
    <ClCompile Include="OGLResources\COGLUniformBuffer.cpp">
      <Filter>OGLResources</Filter>
    </ClCompile>
    <ClCompile Include="OGLResources\COGLVertexArray.cpp">
      <Filter>OGLResources</Filter>
    </ClCompile>
    <ClCompile Include="OGLResources\COGLVertexBuffer.cpp">
      <Filter>OGLResources</Filter>
    </ClCompile>
    <ClCompile Include="OCLResources\COCLBuffer.cpp">
      <Filter>OCLResources</Filter>
    </ClCompile>
    <ClCompile Include="OCLResources\COCLKernel.cpp">
      <Filter>OCLResources</Filter>
    </ClCompile>
    <ClCompile Include="OCLResources\COCLProgram.cpp">
      <Filter>OCLResources</Filter>
    </ClCompile>
    <ClCompile Include="OCLResources\COCLResource.cpp">
      <Filter>OCLResources</Filter>
    </ClCompile>
    <ClCompile Include="OCLResources\OCLUtil.cpp">
      <Filter>OCLResources</Filter>
    </ClCompile>
    <ClCompile Include="Window.cpp" />
    <ClCompile Include="OCLResources\COCLTexture2D.cpp">
      <Filter>OCLResources</Filter>
    </ClCompile>
    <ClCompile Include="OCLResources\COCLContext.cpp">
      <Filter>OCLResources</Filter>
    </ClCompile>
    <ClCompile Include="CConfigManager.cpp">
      <Filter>GUI&amp;Config</Filter>
    </ClCompile>
    <ClCompile Include="CGUI.cpp">
      <Filter>GUI&amp;Config</Filter>
    </ClCompile>
    <ClCompile Include="COctahedronAtlas.cpp">
      <Filter>Octahedron</Filter>
    </ClCompile>
    <ClCompile Include="COctahedronMap.cpp">
      <Filter>Octahedron</Filter>
    </ClCompile>
    <ClCompile Include="CTestFramework.cpp">
      <Filter>Utils</Filter>
    </ClCompile>
    <ClCompile Include="guicon.cpp">
      <Filter>GUI&amp;Config</Filter>
    </ClCompile>
    <ClCompile Include="CClusterTree.cpp" />
    <ClCompile Include="CTimer.cpp">
      <Filter>Utils</Filter>
    </ClCompile>
    <ClCompile Include="LightTreeTypes.cpp">
      <Filter>GUI&amp;Config</Filter>
    </ClCompile>
    <ClCompile Include="CCamera.cpp" />
    <ClCompile Include="OGLResources\COGLCubeMap.cpp">
      <Filter>OGLResources</Filter>
    </ClCompile>
    <ClCompile Include="CImage.cpp" />
    <ClCompile Include="CImagePlane.cpp" />
    <ClCompile Include="CPathTracingIntegrator.cpp" />
    <ClCompile Include="CMaterialBuffer.cpp" />
    <ClCompile Include="CReferenceImage.cpp" />
    <ClCompile Include="CExperimentData.cpp" />
    <ClCompile Include="KdTreeAccelerator.cpp">
      <Filter>RayTracingStuff</Filter>
    </ClCompile>
  </ItemGroup>
  <ItemGroup>
    <ClInclude Include="Render.h" />
    <ClInclude Include="Scene.h" />
    <ClInclude Include="AreaLight.h" />
    <ClInclude Include="CAccumulationBuffer.h" />
    <ClInclude Include="CGBuffer.h" />
    <ClInclude Include="CProgram.h" />
    <ClInclude Include="CShadowMap.h" />
    <ClInclude Include="CRenderTarget.h" />
    <ClInclude Include="CPostprocess.h" />
    <ClInclude Include="AVPL.h" />
    <ClInclude Include="MeshResources\CFullScreenQuad.h">
      <Filter>MeshResources</Filter>
    </ClInclude>
    <ClInclude Include="MeshResources\CMeshGeometry.h">
      <Filter>MeshResources</Filter>
    </ClInclude>
    <ClInclude Include="MeshResources\CModel.h">
      <Filter>MeshResources</Filter>
    </ClInclude>
    <ClInclude Include="MeshResources\CObjFileLoader.h">
      <Filter>MeshResources</Filter>
    </ClInclude>
    <ClInclude Include="MeshResources\CSubModel.h">
      <Filter>MeshResources</Filter>
    </ClInclude>
    <ClInclude Include="Utils\CTextureViewer.h">
      <Filter>Utils</Filter>
    </ClInclude>
    <ClInclude Include="Utils\GLErrorUtil.h">
      <Filter>Utils</Filter>
    </ClInclude>
    <ClInclude Include="Utils\mtrand.h">
      <Filter>Utils</Filter>
    </ClInclude>
    <ClInclude Include="Utils\ShaderUtil.h">
      <Filter>Utils</Filter>
    </ClInclude>
    <ClInclude Include="Utils\Util.h">
      <Filter>Utils</Filter>
    </ClInclude>
    <ClInclude Include="Utils\CLightViewer.h">
      <Filter>Utils</Filter>
    </ClInclude>
    <ClInclude Include="Utils\Rand.h">
      <Filter>Utils</Filter>
    </ClInclude>
    <ClInclude Include="Utils\CExport.h">
      <Filter>Utils</Filter>
    </ClInclude>
    <ClInclude Include="OGLResources\COGLBindLock.h">
      <Filter>OGLResources</Filter>
    </ClInclude>
    <ClInclude Include="OGLResources\COGLBindSlot.h">
      <Filter>OGLResources</Filter>
    </ClInclude>
    <ClInclude Include="OGLResources\COGLFrameBuffer.h">
      <Filter>OGLResources</Filter>
    </ClInclude>
    <ClInclude Include="OGLResources\COGLProgram.h">
      <Filter>OGLResources</Filter>
    </ClInclude>
    <ClInclude Include="OGLResources\COGLRenderBuffer.h">
      <Filter>OGLResources</Filter>
    </ClInclude>
    <ClInclude Include="OGLResources\COGLResource.h">
      <Filter>OGLResources</Filter>
    </ClInclude>
    <ClInclude Include="OGLResources\COGLSampler.h">
      <Filter>OGLResources</Filter>
    </ClInclude>
    <ClInclude Include="OGLResources\COGLTexture2D.h">
      <Filter>OGLResources</Filter>
    </ClInclude>
    <ClInclude Include="OGLResources\COGLTextureBuffer.h">
      <Filter>OGLResources</Filter>
    </ClInclude>
    <ClInclude Include="OGLResources\COGLUniformBuffer.h">
      <Filter>OGLResources</Filter>
    </ClInclude>
    <ClInclude Include="OGLResources\COGLVertexArray.h">
      <Filter>OGLResources</Filter>
    </ClInclude>
    <ClInclude Include="OGLResources\COGLVertexBuffer.h">
      <Filter>OGLResources</Filter>
    </ClInclude>
    <ClInclude Include="OCLResources\COCLBuffer.h">
      <Filter>OCLResources</Filter>
    </ClInclude>
    <ClInclude Include="OCLResources\COCLKernel.h">
      <Filter>OCLResources</Filter>
    </ClInclude>
    <ClInclude Include="OCLResources\COCLProgram.h">
      <Filter>OCLResources</Filter>
    </ClInclude>
    <ClInclude Include="OCLResources\COCLResource.h">
      <Filter>OCLResources</Filter>
    </ClInclude>
    <ClInclude Include="OCLResources\OCLUtil.h">
      <Filter>OCLResources</Filter>
    </ClInclude>
    <ClInclude Include="OCLResources\COCLTexture2D.h">
      <Filter>OCLResources</Filter>
    </ClInclude>
    <ClInclude Include="OGLResources\COGLContext.h">
      <Filter>OGLResources</Filter>
    </ClInclude>
    <ClInclude Include="OCLResources\COCLContext.h">
      <Filter>OCLResources</Filter>
    </ClInclude>
    <ClInclude Include="MeshResources\CMesh.h">
      <Filter>MeshResources</Filter>
    </ClInclude>
    <ClInclude Include="CGUI.h">
      <Filter>GUI&amp;Config</Filter>
    </ClInclude>
    <ClInclude Include="COctahedronAtlas.h">
      <Filter>Octahedron</Filter>
    </ClInclude>
    <ClInclude Include="COctahedronMap.h">
      <Filter>Octahedron</Filter>
    </ClInclude>
    <ClInclude Include="OctahedronUtil.h">
      <Filter>Octahedron</Filter>
    </ClInclude>
    <ClInclude Include="CTestFramework.h">
      <Filter>Utils</Filter>
    </ClInclude>
    <ClInclude Include="uniforms.h">
      <Filter>Misc</Filter>
    </ClInclude>
    <ClInclude Include="Structs.h">
      <Filter>Misc</Filter>
    </ClInclude>
    <ClInclude Include="Macros.h">
      <Filter>Misc</Filter>
    </ClInclude>
    <ClInclude Include="GlmUtil.h">
      <Filter>Misc</Filter>
    </ClInclude>
    <ClInclude Include="Defines.h">
      <Filter>Misc</Filter>
    </ClInclude>
    <ClInclude Include="guicon.h">
      <Filter>GUI&amp;Config</Filter>
    </ClInclude>
    <ClInclude Include="CPointCloud.h" />
    <ClInclude Include="CClusterTree.h" />
    <ClInclude Include="LightTreeTypes.h" />
    <ClInclude Include="CTimer.h">
      <Filter>Utils</Filter>
    </ClInclude>
    <ClInclude Include="CCamera.h" />
    <ClInclude Include="OGLResources\COGLCubeMap.h">
      <Filter>OGLResources</Filter>
    </ClInclude>
    <ClInclude Include="CImage.h" />
    <ClInclude Include="CImagePlane.h" />
    <ClInclude Include="CPathTracingIntegrator.h" />
    <ClInclude Include="CMaterialBuffer.h" />
    <ClInclude Include="Material.h" />
    <ClInclude Include="CReferenceImage.h" />
    <ClInclude Include="CExperimentData.h" />
    <ClInclude Include="CConfigManager.h">
      <Filter>GUI&amp;Config</Filter>
    </ClInclude>
    <ClInclude Include="bvh.h" />
    <ClInclude Include="Triangle.h">
      <Filter>RayTracingStuff</Filter>
    </ClInclude>
    <ClInclude Include="Ray.h">
      <Filter>RayTracingStuff</Filter>
    </ClInclude>
    <ClInclude Include="KdTreeAccelerator.h">
      <Filter>RayTracingStuff</Filter>
    </ClInclude>
    <ClInclude Include="Intersection.h">
      <Filter>RayTracingStuff</Filter>
    </ClInclude>
    <ClInclude Include="BBox.h">
      <Filter>RayTracingStuff</Filter>
    </ClInclude>
    <ClInclude Include="data_gpu.h" />
    <ClInclude Include="cudaGather.h" />
  </ItemGroup>
  <ItemGroup>
    <None Include="Shaders\DrawAreaLight.vert">
      <Filter>Shaders</Filter>
    </None>
    <None Include="Shaders\DrawTexture.frag">
      <Filter>Shaders</Filter>
    </None>
    <None Include="Shaders\DrawTexture.vert">
      <Filter>Shaders</Filter>
    </None>
    <None Include="Shaders\Gather.vert">
      <Filter>Shaders</Filter>
    </None>
    <None Include="Shaders\CreateGBuffer.frag">
      <Filter>Shaders</Filter>
    </None>
    <None Include="Shaders\CreateGBuffer.vert">
      <Filter>Shaders</Filter>
    </None>
    <None Include="Shaders\CreateSM.frag">
      <Filter>Shaders</Filter>
    </None>
    <None Include="Shaders\CreateSM.vert">
      <Filter>Shaders</Filter>
    </None>
    <None Include="Shaders\DrawAreaLight.frag">
      <Filter>Shaders</Filter>
    </None>
    <None Include="Shaders\Normalize.frag">
      <Filter>Shaders</Filter>
    </None>
    <None Include="Shaders\PointCloud.vert">
      <Filter>Shaders</Filter>
    </None>
    <None Include="Shaders\PointCloud.frag">
      <Filter>Shaders</Filter>
    </None>
    <None Include="Shaders\GatherRadianceWithSM.frag">
      <Filter>Shaders</Filter>
    </None>
    <None Include="Shaders\PostProcess.frag">
      <Filter>Shaders</Filter>
    </None>
    <None Include="Shaders\PostProcess.vert">
      <Filter>Shaders</Filter>
    </None>
    <None Include="Shaders\Gather.frag">
      <Filter>Shaders</Filter>
    </None>
    <None Include="Shaders\Shade.frag">
      <Filter>Shaders</Filter>
    </None>
    <None Include="Shaders\DrawOctahedron.vert">
      <Filter>Shaders</Filter>
    </None>
    <None Include="Shaders\DrawOctahedron.frag">
      <Filter>Shaders</Filter>
    </None>
    <None Include="Shaders\GatherWithAtlas.frag">
      <Filter>Shaders</Filter>
    </None>
    <None Include="Kernels\FillAVPLAtlas.cl">
      <Filter>Kernels</Filter>
    </None>
    <None Include="Shaders\GatherWithClustering.frag">
      <Filter>Shaders</Filter>
    </None>
    <None Include="Shaders\DirectEnvmapLighting.frag">
      <Filter>Shaders</Filter>
    </None>
    <None Include="Shaders\Phong.glsl">
      <Filter>Shaders\ShaderHeaders</Filter>
    </None>
    <None Include="Shaders\Util.glsl">
      <Filter>Shaders\ShaderHeaders</Filter>
    </None>
    <None Include="Shaders\Constants.glsl">
      <Filter>Shaders\ShaderHeaders</Filter>
    </None>
    <None Include="Shaders\Error.frag">
      <Filter>Shaders</Filter>
    </None>
    <None Include="Shaders\CreateCubeShadowMap.frag">
      <Filter>Shaders</Filter>
    </None>
    <None Include="Shaders\CreateCubeShadowMap.vert">
      <Filter>Shaders</Filter>
    </None>
    <None Include="Shaders\CreateCubeShadowMap.geom">
      <Filter>Shaders</Filter>
    </None>
  </ItemGroup>
  <ItemGroup>
    <CudaCompile Include="bvh.cu" />
    <CudaCompile Include="data_gpu.cu" />
    <CudaCompile Include="cudaGather.cu" />
  </ItemGroup>
</Project>