<?xml version="1.0" encoding="utf-8"?>
<Project ToolsVersion="4.0" xmlns="http://schemas.microsoft.com/developer/msbuild/2003">
  <ItemGroup>
    <Filter Include="Resource Files">
      <UniqueIdentifier>{67DA6AB6-F800-4c08-8B7A-83BB121AAD01}</UniqueIdentifier>
      <Extensions>rc;ico;cur;bmp;dlg;rc2;rct;bin;rgs;gif;jpg;jpeg;jpe;resx;tiff;tif;png;wav;mfcribbon-ms</Extensions>
    </Filter>
    <Filter Include="CGLResources">
      <UniqueIdentifier>{bbf5ef29-6fa9-43d6-afa7-6254333ef663}</UniqueIdentifier>
    </Filter>
    <Filter Include="CMeshClasses">
      <UniqueIdentifier>{77518a91-3f07-4a3b-ae0f-f294ae560153}</UniqueIdentifier>
    </Filter>
    <Filter Include="CUtils">
      <UniqueIdentifier>{6f01f52a-125e-40ea-997a-e19e795fd562}</UniqueIdentifier>
    </Filter>
  </ItemGroup>
  <ItemGroup>
    <ClCompile Include="CGLBindLock.cpp">
      <Filter>CGLResources</Filter>
    </ClCompile>
    <ClCompile Include="CGLResource.cpp">
      <Filter>CGLResources</Filter>
    </ClCompile>
    <ClCompile Include="CGLTexture2D.cpp">
      <Filter>CGLResources</Filter>
    </ClCompile>
    <ClCompile Include="CGLRenderBuffer.cpp">
      <Filter>CGLResources</Filter>
    </ClCompile>
    <ClCompile Include="CGLFrameBuffer.cpp">
      <Filter>CGLResources</Filter>
    </ClCompile>
    <ClCompile Include="CGLVertexBuffer.cpp">
      <Filter>CGLResources</Filter>
    </ClCompile>
    <ClCompile Include="CGLVertexArray.cpp">
      <Filter>CGLResources</Filter>
    </ClCompile>
    <ClCompile Include="CGLUniformBuffer.cpp">
      <Filter>CGLResources</Filter>
    </ClCompile>
    <ClCompile Include="CGLProgram.cpp">
      <Filter>CGLResources</Filter>
    </ClCompile>
    <ClCompile Include="CGLSampler.cpp">
      <Filter>CGLResources</Filter>
    </ClCompile>
    <ClCompile Include="CObjFileLoader.cpp">
      <Filter>CMeshClasses</Filter>
    </ClCompile>
    <ClCompile Include="CMeshGeometry.cpp">
      <Filter>CMeshClasses</Filter>
    </ClCompile>
    <ClCompile Include="CMeshMaterial.cpp">
      <Filter>CMeshClasses</Filter>
    </ClCompile>
    <ClCompile Include="CModel.cpp">
      <Filter>CMeshClasses</Filter>
    </ClCompile>
    <ClCompile Include="CSubModel.cpp">
      <Filter>CMeshClasses</Filter>
    </ClCompile>
    <ClCompile Include="CFullScreenQuad.cpp">
      <Filter>CMeshClasses</Filter>
    </ClCompile>
    <ClCompile Include="CTextureViewer.cpp">
      <Filter>CUtils</Filter>
    </ClCompile>
    <ClCompile Include="CLightViewer.cpp">
      <Filter>CUtils</Filter>
    </ClCompile>
    <ClCompile Include="GLErrorUtil.cpp">
      <Filter>CUtils</Filter>
    </ClCompile>
    <ClCompile Include="Util.cpp">
      <Filter>CUtils</Filter>
    </ClCompile>
    <ClCompile Include="AreaLight.cpp" />
    <ClCompile Include="CAccumulationBuffer.cpp" />
    <ClCompile Include="Camera.cpp" />
    <ClCompile Include="CGBuffer.cpp" />
    <ClCompile Include="CProgram.cpp" />
    <ClCompile Include="CShadowMap.cpp" />
    <ClCompile Include="CTimer.cpp" />
    <ClCompile Include="Light.cpp" />
    <ClCompile Include="main.cpp" />
    <ClCompile Include="Postprocessing.cpp" />
    <ClCompile Include="Render.cpp" />
    <ClCompile Include="Scene.cpp" />
  </ItemGroup>
  <ItemGroup>
    <ClInclude Include="CGLBindLock.h">
      <Filter>CGLResources</Filter>
    </ClInclude>
    <ClInclude Include="CGLResource.h">
      <Filter>CGLResources</Filter>
    </ClInclude>
    <ClInclude Include="CGLTexture2D.h">
      <Filter>CGLResources</Filter>
    </ClInclude>
    <ClInclude Include="CGLRenderBuffer.h">
      <Filter>CGLResources</Filter>
    </ClInclude>
    <ClInclude Include="CGLFrameBuffer.h">
      <Filter>CGLResources</Filter>
    </ClInclude>
    <ClInclude Include="CGLVertexBuffer.h">
      <Filter>CGLResources</Filter>
    </ClInclude>
    <ClInclude Include="CGLVertexArray.h">
      <Filter>CGLResources</Filter>
    </ClInclude>
    <ClInclude Include="CGLUniformBuffer.h">
      <Filter>CGLResources</Filter>
    </ClInclude>
    <ClInclude Include="CGLProgram.h">
      <Filter>CGLResources</Filter>
    </ClInclude>
    <ClInclude Include="CGLBindSlot.h">
      <Filter>CGLResources</Filter>
    </ClInclude>
    <ClInclude Include="CGLSampler.h">
      <Filter>CGLResources</Filter>
    </ClInclude>
    <ClInclude Include="uniforms.h">
      <Filter>Resource Files</Filter>
    </ClInclude>
    <ClInclude Include="CObjFileLoader.h">
      <Filter>CMeshClasses</Filter>
    </ClInclude>
    <ClInclude Include="CMeshGeometry.h">
      <Filter>CMeshClasses</Filter>
    </ClInclude>
    <ClInclude Include="CMeshMaterial.h">
      <Filter>CMeshClasses</Filter>
    </ClInclude>
    <ClInclude Include="CMesh.h">
      <Filter>CMeshClasses</Filter>
    </ClInclude>
    <ClInclude Include="CModel.h">
      <Filter>CMeshClasses</Filter>
    </ClInclude>
    <ClInclude Include="CSubModel.h">
      <Filter>CMeshClasses</Filter>
    </ClInclude>
    <ClInclude Include="CFullScreenQuad.h">
      <Filter>CMeshClasses</Filter>
    </ClInclude>
    <ClInclude Include="CLightViewer.h">
      <Filter>CUtils</Filter>
    </ClInclude>
    <ClInclude Include="CTextureViewer.h">
      <Filter>CUtils</Filter>
    </ClInclude>
    <ClInclude Include="Defines.h">
      <Filter>CUtils</Filter>
    </ClInclude>
    <ClInclude Include="GLErrorUtil.h">
      <Filter>CUtils</Filter>
    </ClInclude>
    <ClInclude Include="Macros.h">
      <Filter>CUtils</Filter>
    </ClInclude>
    <ClInclude Include="Util.h">
      <Filter>CUtils</Filter>
    </ClInclude>
    <ClInclude Include="Structs.h">
      <Filter>CUtils</Filter>
    </ClInclude>
    <ClInclude Include="ShaderUtil.h">
      <Filter>CUtils</Filter>
    </ClInclude>
    <ClInclude Include="AreaLight.h" />
    <ClInclude Include="CAccumulationBuffer.h" />
    <ClInclude Include="Camera.h" />
    <ClInclude Include="CCreateGBufferProgram.h" />
    <ClInclude Include="CGBuffer.h" />
    <ClInclude Include="CProgram.h" />
    <ClInclude Include="CShadowMap.h" />
    <ClInclude Include="CTimer.h" />
    <ClInclude Include="Intersection.h" />
    <ClInclude Include="Light.h" />
    <ClInclude Include="Postprocessing.h" />
    <ClInclude Include="Ray.h" />
    <ClInclude Include="Render.h" />
    <ClInclude Include="Scene.h" />
    <ClInclude Include="Triangle.h" />
  </ItemGroup>
  <ItemGroup>
    <None Include="CreateSM.vert">
      <Filter>Resource Files</Filter>
    </None>
    <None Include="CreateSM.frag">
      <Filter>Resource Files</Filter>
    </None>
    <None Include="DrawTexture.vert">
      <Filter>Resource Files</Filter>
    </None>
    <None Include="DrawTexture.frag">
      <Filter>Resource Files</Filter>
    </None>
    <None Include="DrawLight.vert">
      <Filter>Resource Files</Filter>
    </None>
    <None Include="DrawLight.frag">
      <Filter>Resource Files</Filter>
    </None>
    <None Include="DrawAreaLight.vert">
      <Filter>Resource Files</Filter>
    </None>
    <None Include="DrawAreaLight.frag">
      <Filter>Resource Files</Filter>
    </None>
    <None Include="CreateGBuffer.vert">
      <Filter>Resource Files</Filter>
    </None>
    <None Include="CreateGBuffer.frag">
      <Filter>Resource Files</Filter>
    </None>
    <None Include="PostProcessing.vert">
      <Filter>Resource Files</Filter>
    </None>
    <None Include="PostProcessing.frag">
      <Filter>Resource Files</Filter>
    </None>
    <None Include="Render.frag">
      <Filter>Resource Files</Filter>
    </None>
    <None Include="Render.vert">
      <Filter>Resource Files</Filter>
    </None>
    <None Include="Gather.vert">
      <Filter>Resource Files</Filter>
    </None>
    <None Include="GatherRadiance.frag">
      <Filter>Resource Files</Filter>
    </None>
    <None Include="GatherAntiradiance.frag">
      <Filter>Resource Files</Filter>
    </None>
    <None Include="FinalGather.frag">
      <Filter>Resource Files</Filter>
    </None>
    <None Include="NormalizeRadiance.frag">
      <Filter>Resource Files</Filter>
    </None>
  </ItemGroup>
</Project>